
Microsoft Visual Studio Solution File, Format Version 11.00
# Visual Studio 2010
Project("{8BC9CEB8-8B4A-11D0-8D11-00A0C91BC942}") = "BoostUTF", "BoostUTF\BoostUTF.vcxproj", "{260DE175-5D9C-40FE-8F72-5032D258D7EF}"
EndProject
Global
	GlobalSection(SolutionConfigurationPlatforms) = preSolution
		Debug|Win32 = Debug|Win32
		Release|Win32 = Release|Win32
	EndGlobalSection
	GlobalSection(ProjectConfigurationPlatforms) = postSolution
		{260DE175-5D9C-40FE-8F72-5032D258D7EF}.Debug|Win32.ActiveCfg = Debug|Win32
		{260DE175-5D9C-40FE-8F72-5032D258D7EF}.Debug|Win32.Build.0 = Debug|Win32
		{260DE175-5D9C-40FE-8F72-5032D258D7EF}.Release|Win32.ActiveCfg = Release|Win32
		{260DE175-5D9C-40FE-8F72-5032D258D7EF}.Release|Win32.Build.0 = Release|Win32
	EndGlobalSection
	GlobalSection(SolutionProperties) = preSolution
		HideSolutionNode = FALSE
	EndGlobalSection
EndGlobal
